
Microsoft Visual Studio Solution File, Format Version 12.00
# Visual Studio Version 16
VisualStudioVersion = 16.0.29326.143
MinimumVisualStudioVersion = 10.0.40219.1
Project("{9A19103F-16F7-4668-BE54-9A1E7A4F7556}") = "Puissance4Correction", "Puissance4Correction.csproj", "{562AC1FB-C065-4DDC-984F-8857608FED76}"
EndProject
Project("{FAE04EC0-301F-11D3-BF4B-00C04F79EFBC}") = "Puissance4Correction.Tests", "..\Puissance4Correction.Tests\Puissance4Correction.Tests.csproj", "{7B22C1AC-F73F-4057-8CAB-6C1FE688AC5A}"
EndProject
Global
	GlobalSection(SolutionConfigurationPlatforms) = preSolution
		Debug|Any CPU = Debug|Any CPU
		Release|Any CPU = Release|Any CPU
	EndGlobalSection
	GlobalSection(ProjectConfigurationPlatforms) = postSolution
		{562AC1FB-C065-4DDC-984F-8857608FED76}.Debug|Any CPU.ActiveCfg = Debug|Any CPU
		{562AC1FB-C065-4DDC-984F-8857608FED76}.Debug|Any CPU.Build.0 = Debug|Any CPU
		{562AC1FB-C065-4DDC-984F-8857608FED76}.Release|Any CPU.ActiveCfg = Release|Any CPU
		{562AC1FB-C065-4DDC-984F-8857608FED76}.Release|Any CPU.Build.0 = Release|Any CPU
		{7B22C1AC-F73F-4057-8CAB-6C1FE688AC5A}.Debug|Any CPU.ActiveCfg = Debug|Any CPU
		{7B22C1AC-F73F-4057-8CAB-6C1FE688AC5A}.Debug|Any CPU.Build.0 = Debug|Any CPU
		{7B22C1AC-F73F-4057-8CAB-6C1FE688AC5A}.Release|Any CPU.ActiveCfg = Release|Any CPU
		{7B22C1AC-F73F-4057-8CAB-6C1FE688AC5A}.Release|Any CPU.Build.0 = Release|Any CPU
	EndGlobalSection
	GlobalSection(SolutionProperties) = preSolution
		HideSolutionNode = FALSE
	EndGlobalSection
	GlobalSection(ExtensibilityGlobals) = postSolution
		SolutionGuid = {89BE6F1E-4B6F-4BDE-ADBC-587593D87ED6}
	EndGlobalSection
EndGlobal
